
Microsoft Visual Studio Solution File, Format Version 12.00
# Visual Studio Version 16
VisualStudioVersion = 16.0.30114.105
MinimumVisualStudioVersion = 10.0.40219.1
Project("{FAE04EC0-301F-11D3-BF4B-00C04F79EFBC}") = "Foundation", "Foundation\Foundation.csproj", "{3E5A47DD-BCF9-4A41-9A1E-626E26CCBEDF}"
EndProject
Project("{FAE04EC0-301F-11D3-BF4B-00C04F79EFBC}") = "Foundation.Annotations", "Foundation.Annotations\Foundation.Annotations.csproj", "{138A004F-82E0-4D9C-B8C2-F8B8F91B788A}"
EndProject
Project("{FAE04EC0-301F-11D3-BF4B-00C04F79EFBC}") = "Examples", "Foundation.Examples\Examples.csproj", "{2256F1F2-31C5-4FD9-BB47-99392294D58A}"
EndProject
Project("{FAE04EC0-301F-11D3-BF4B-00C04F79EFBC}") = "Foundation.Csv.Reader", "Foundation.Csv.Reader\Foundation.Csv.Reader.csproj", "{C9933C47-6DF5-458A-BB9D-FBA07ABF6838}"
EndProject
Project("{FAE04EC0-301F-11D3-BF4B-00C04F79EFBC}") = "Foundation.Csv.Shared", "Foundation.Csv.Shared\Foundation.Csv.Shared.csproj", "{A7838BDF-AA66-4484-8B38-3205756CFDB6}"
EndProject
Project("{FAE04EC0-301F-11D3-BF4B-00C04F79EFBC}") = "Foundation.ConfigReader.Tests", "Foundation.ConfigReader.Tests\Foundation.ConfigReader.Tests.csproj", "{87085814-1376-45F1-B0E5-FA8CAB0BDE1A}"
EndProject
Project("{FAE04EC0-301F-11D3-BF4B-00C04F79EFBC}") = "Foundation.Csv.Writer", "Foundation.Csv.Writer\Foundation.Csv.Writer.csproj", "{52A59526-9E2E-4110-BF5D-424F7A1AE543}"
EndProject
Project("{FAE04EC0-301F-11D3-BF4B-00C04F79EFBC}") = "Foundation.ConfigReader", "Foundation.ConfigReader\Foundation.ConfigReader.csproj", "{2605B9B0-BD01-4756-B605-EFC9A815770F}"
EndProject
Project("{FAE04EC0-301F-11D3-BF4B-00C04F79EFBC}") = "Foundation.Data", "Foundation.Data\Foundation.Data.csproj", "{32BB0F50-5F3A-44F4-AA3F-ECA349DF485C}"
EndProject
Project("{FAE04EC0-301F-11D3-BF4B-00C04F79EFBC}") = "Foundation.Data.Abstractions", "Foundation.Data.Abstractions\Foundation.Data.Abstractions.csproj", "{081E0321-A085-4249-9024-427B7B24B4F0}"
EndProject
Project("{FAE04EC0-301F-11D3-BF4B-00C04F79EFBC}") = "Foundation.Data.Entity", "Foundation.Data.Entity\Foundation.Data.Entity.csproj", "{DA86FA15-8215-4427-BC4D-5102B9206173}"
EndProject
Global
	GlobalSection(SolutionConfigurationPlatforms) = preSolution
		Debug|Any CPU = Debug|Any CPU
		Release|Any CPU = Release|Any CPU
	EndGlobalSection
	GlobalSection(SolutionProperties) = preSolution
		HideSolutionNode = FALSE
	EndGlobalSection
	GlobalSection(ProjectConfigurationPlatforms) = postSolution
		{3E5A47DD-BCF9-4A41-9A1E-626E26CCBEDF}.Debug|Any CPU.ActiveCfg = Debug|Any CPU
		{3E5A47DD-BCF9-4A41-9A1E-626E26CCBEDF}.Debug|Any CPU.Build.0 = Debug|Any CPU
		{3E5A47DD-BCF9-4A41-9A1E-626E26CCBEDF}.Release|Any CPU.ActiveCfg = Release|Any CPU
		{3E5A47DD-BCF9-4A41-9A1E-626E26CCBEDF}.Release|Any CPU.Build.0 = Release|Any CPU
		{138A004F-82E0-4D9C-B8C2-F8B8F91B788A}.Debug|Any CPU.ActiveCfg = Debug|Any CPU
		{138A004F-82E0-4D9C-B8C2-F8B8F91B788A}.Debug|Any CPU.Build.0 = Debug|Any CPU
		{138A004F-82E0-4D9C-B8C2-F8B8F91B788A}.Release|Any CPU.ActiveCfg = Release|Any CPU
		{138A004F-82E0-4D9C-B8C2-F8B8F91B788A}.Release|Any CPU.Build.0 = Release|Any CPU
		{2256F1F2-31C5-4FD9-BB47-99392294D58A}.Debug|Any CPU.ActiveCfg = Debug|Any CPU
		{2256F1F2-31C5-4FD9-BB47-99392294D58A}.Debug|Any CPU.Build.0 = Debug|Any CPU
		{2256F1F2-31C5-4FD9-BB47-99392294D58A}.Release|Any CPU.ActiveCfg = Release|Any CPU
		{2256F1F2-31C5-4FD9-BB47-99392294D58A}.Release|Any CPU.Build.0 = Release|Any CPU
		{C9933C47-6DF5-458A-BB9D-FBA07ABF6838}.Debug|Any CPU.ActiveCfg = Debug|Any CPU
		{C9933C47-6DF5-458A-BB9D-FBA07ABF6838}.Debug|Any CPU.Build.0 = Debug|Any CPU
		{C9933C47-6DF5-458A-BB9D-FBA07ABF6838}.Release|Any CPU.ActiveCfg = Release|Any CPU
		{C9933C47-6DF5-458A-BB9D-FBA07ABF6838}.Release|Any CPU.Build.0 = Release|Any CPU
		{A7838BDF-AA66-4484-8B38-3205756CFDB6}.Debug|Any CPU.ActiveCfg = Debug|Any CPU
		{A7838BDF-AA66-4484-8B38-3205756CFDB6}.Debug|Any CPU.Build.0 = Debug|Any CPU
		{A7838BDF-AA66-4484-8B38-3205756CFDB6}.Release|Any CPU.ActiveCfg = Release|Any CPU
		{A7838BDF-AA66-4484-8B38-3205756CFDB6}.Release|Any CPU.Build.0 = Release|Any CPU
		{87085814-1376-45F1-B0E5-FA8CAB0BDE1A}.Debug|Any CPU.ActiveCfg = Debug|Any CPU
		{87085814-1376-45F1-B0E5-FA8CAB0BDE1A}.Debug|Any CPU.Build.0 = Debug|Any CPU
		{87085814-1376-45F1-B0E5-FA8CAB0BDE1A}.Release|Any CPU.ActiveCfg = Release|Any CPU
		{87085814-1376-45F1-B0E5-FA8CAB0BDE1A}.Release|Any CPU.Build.0 = Release|Any CPU
		{52A59526-9E2E-4110-BF5D-424F7A1AE543}.Debug|Any CPU.ActiveCfg = Debug|Any CPU
		{52A59526-9E2E-4110-BF5D-424F7A1AE543}.Debug|Any CPU.Build.0 = Debug|Any CPU
		{52A59526-9E2E-4110-BF5D-424F7A1AE543}.Release|Any CPU.ActiveCfg = Release|Any CPU
		{52A59526-9E2E-4110-BF5D-424F7A1AE543}.Release|Any CPU.Build.0 = Release|Any CPU
		{2605B9B0-BD01-4756-B605-EFC9A815770F}.Debug|Any CPU.ActiveCfg = Debug|Any CPU
		{2605B9B0-BD01-4756-B605-EFC9A815770F}.Debug|Any CPU.Build.0 = Debug|Any CPU
		{2605B9B0-BD01-4756-B605-EFC9A815770F}.Release|Any CPU.ActiveCfg = Release|Any CPU
		{2605B9B0-BD01-4756-B605-EFC9A815770F}.Release|Any CPU.Build.0 = Release|Any CPU
		{32BB0F50-5F3A-44F4-AA3F-ECA349DF485C}.Debug|Any CPU.ActiveCfg = Debug|Any CPU
		{32BB0F50-5F3A-44F4-AA3F-ECA349DF485C}.Debug|Any CPU.Build.0 = Debug|Any CPU
		{32BB0F50-5F3A-44F4-AA3F-ECA349DF485C}.Release|Any CPU.ActiveCfg = Release|Any CPU
		{32BB0F50-5F3A-44F4-AA3F-ECA349DF485C}.Release|Any CPU.Build.0 = Release|Any CPU
		{081E0321-A085-4249-9024-427B7B24B4F0}.Debug|Any CPU.ActiveCfg = Debug|Any CPU
		{081E0321-A085-4249-9024-427B7B24B4F0}.Debug|Any CPU.Build.0 = Debug|Any CPU
		{081E0321-A085-4249-9024-427B7B24B4F0}.Release|Any CPU.ActiveCfg = Release|Any CPU
		{081E0321-A085-4249-9024-427B7B24B4F0}.Release|Any CPU.Build.0 = Release|Any CPU
		{DA86FA15-8215-4427-BC4D-5102B9206173}.Debug|Any CPU.ActiveCfg = Debug|Any CPU
		{DA86FA15-8215-4427-BC4D-5102B9206173}.Debug|Any CPU.Build.0 = Debug|Any CPU
		{DA86FA15-8215-4427-BC4D-5102B9206173}.Release|Any CPU.ActiveCfg = Release|Any CPU
		{DA86FA15-8215-4427-BC4D-5102B9206173}.Release|Any CPU.Build.0 = Release|Any CPU
	EndGlobalSection
EndGlobal
